
Microsoft Visual Studio Solution File, Format Version 12.00
# Visual Studio Version 17
VisualStudioVersion = 17.3.32929.385
MinimumVisualStudioVersion = 10.0.40219.1
Project("{8BC9CEB8-8B4A-11D0-8D11-00A0C91BC942}") = "PY_DLL", "PY_DLL.vcxproj", "{393E600B-2813-4E3D-9DF9-A185D76E2923}"
EndProject
Global
	GlobalSection(SolutionConfigurationPlatforms) = preSolution
		Debug|x64 = Debug|x64
		Debug|x86 = Debug|x86
		Release|x64 = Release|x64
		Release|x86 = Release|x86
	EndGlobalSection
	GlobalSection(ProjectConfigurationPlatforms) = postSolution
		{393E600B-2813-4E3D-9DF9-A185D76E2923}.Debug|x64.ActiveCfg = Debug|x64
		{393E600B-2813-4E3D-9DF9-A185D76E2923}.Debug|x64.Build.0 = Debug|x64
		{393E600B-2813-4E3D-9DF9-A185D76E2923}.Debug|x86.ActiveCfg = Debug|Win32
		{393E600B-2813-4E3D-9DF9-A185D76E2923}.Debug|x86.Build.0 = Debug|Win32
		{393E600B-2813-4E3D-9DF9-A185D76E2923}.Release|x64.ActiveCfg = Release|x64
		{393E600B-2813-4E3D-9DF9-A185D76E2923}.Release|x64.Build.0 = Release|x64
		{393E600B-2813-4E3D-9DF9-A185D76E2923}.Release|x86.ActiveCfg = Release|Win32
		{393E600B-2813-4E3D-9DF9-A185D76E2923}.Release|x86.Build.0 = Release|Win32
	EndGlobalSection
	GlobalSection(SolutionProperties) = preSolution
		HideSolutionNode = FALSE
	EndGlobalSection
	GlobalSection(ExtensibilityGlobals) = postSolution
		SolutionGuid = {EC9ED816-F7CF-419A-BDC3-3B6BB3EBC246}
	EndGlobalSection
EndGlobal
